// !$*UTF8*$!
{
	archiveVersion = 1;
	classes = {
	};
	objectVersion = 56;
	objects = {

/* Begin PBXBuildFile section */
		9378060A2C1A98FB0050F90D /* ProjectApp.swift in Sources */ = {isa = PBXBuildFile; fileRef = 937806092C1A98FB0050F90D /* ProjectApp.swift */; };
		9378060C2C1A98FB0050F90D /* ContentView.swift in Sources */ = {isa = PBXBuildFile; fileRef = 9378060B2C1A98FB0050F90D /* ContentView.swift */; };
		9378060E2C1A98FC0050F90D /* Assets.xcassets in Resources */ = {isa = PBXBuildFile; fileRef = 9378060D2C1A98FC0050F90D /* Assets.xcassets */; };
		937806112C1A98FC0050F90D /* Preview Assets.xcassets in Resources */ = {isa = PBXBuildFile; fileRef = 937806102C1A98FC0050F90D /* Preview Assets.xcassets */; };
		937806192C1A99230050F90D /* MainPage.swift in Sources */ = {isa = PBXBuildFile; fileRef = 937806182C1A99230050F90D /* MainPage.swift */; };
		9378061F2C1A99620050F90D /* QureyModel.swift in Sources */ = {isa = PBXBuildFile; fileRef = 9378061E2C1A99620050F90D /* QureyModel.swift */; };
		937806212C1A997B0050F90D /* DBModel.swift in Sources */ = {isa = PBXBuildFile; fileRef = 937806202C1A997B0050F90D /* DBModel.swift */; };
		937806232C1A99910050F90D /* JSONModel.swift in Sources */ = {isa = PBXBuildFile; fileRef = 937806222C1A99910050F90D /* JSONModel.swift */; };
		937806322C1DD6AA0050F90D /* SplashView.swift in Sources */ = {isa = PBXBuildFile; fileRef = 937806312C1DD6AA0050F90D /* SplashView.swift */; };
		937806392C1FF3120050F90D /* InfoPage.swift in Sources */ = {isa = PBXBuildFile; fileRef = 937806382C1FF3120050F90D /* InfoPage.swift */; };
		9378063B2C1FF5960050F90D /* SelectView.swift in Sources */ = {isa = PBXBuildFile; fileRef = 9378063A2C1FF5960050F90D /* SelectView.swift */; };
		9378063F2C2016320050F90D /* UserVM.swift in Sources */ = {isa = PBXBuildFile; fileRef = 9378063E2C2016320050F90D /* UserVM.swift */; };
		937806432C20318A0050F90D /* ClothesVM.swift in Sources */ = {isa = PBXBuildFile; fileRef = 937806422C20318A0050F90D /* ClothesVM.swift */; };
		937806452C2083DB0050F90D /* RecommendationView.swift in Sources */ = {isa = PBXBuildFile; fileRef = 937806442C2083DB0050F90D /* RecommendationView.swift */; };
		93BF494B2C21112D004320BF /* UserModel.swift in Sources */ = {isa = PBXBuildFile; fileRef = 93BF494A2C21112D004320BF /* UserModel.swift */; };
/* End PBXBuildFile section */

/* Begin PBXFileReference section */
		937806062C1A98FB0050F90D /* Project.app */ = {isa = PBXFileReference; explicitFileType = wrapper.application; includeInIndex = 0; path = Project.app; sourceTree = BUILT_PRODUCTS_DIR; };
		937806092C1A98FB0050F90D /* ProjectApp.swift */ = {isa = PBXFileReference; lastKnownFileType = sourcecode.swift; path = ProjectApp.swift; sourceTree = "<group>"; };
		9378060B2C1A98FB0050F90D /* ContentView.swift */ = {isa = PBXFileReference; lastKnownFileType = sourcecode.swift; path = ContentView.swift; sourceTree = "<group>"; };
		9378060D2C1A98FC0050F90D /* Assets.xcassets */ = {isa = PBXFileReference; lastKnownFileType = folder.assetcatalog; path = Assets.xcassets; sourceTree = "<group>"; };
		937806102C1A98FC0050F90D /* Preview Assets.xcassets */ = {isa = PBXFileReference; lastKnownFileType = folder.assetcatalog; path = "Preview Assets.xcassets"; sourceTree = "<group>"; };
		937806182C1A99230050F90D /* MainPage.swift */ = {isa = PBXFileReference; lastKnownFileType = sourcecode.swift; path = MainPage.swift; sourceTree = "<group>"; };
		9378061E2C1A99620050F90D /* QureyModel.swift */ = {isa = PBXFileReference; lastKnownFileType = sourcecode.swift; path = QureyModel.swift; sourceTree = "<group>"; };
		937806202C1A997B0050F90D /* DBModel.swift */ = {isa = PBXFileReference; lastKnownFileType = sourcecode.swift; path = DBModel.swift; sourceTree = "<group>"; };
		937806222C1A99910050F90D /* JSONModel.swift */ = {isa = PBXFileReference; lastKnownFileType = sourcecode.swift; path = JSONModel.swift; sourceTree = "<group>"; };
		937806312C1DD6AA0050F90D /* SplashView.swift */ = {isa = PBXFileReference; lastKnownFileType = sourcecode.swift; path = SplashView.swift; sourceTree = "<group>"; };
		937806382C1FF3120050F90D /* InfoPage.swift */ = {isa = PBXFileReference; lastKnownFileType = sourcecode.swift; path = InfoPage.swift; sourceTree = "<group>"; };
		9378063A2C1FF5960050F90D /* SelectView.swift */ = {isa = PBXFileReference; lastKnownFileType = sourcecode.swift; path = SelectView.swift; sourceTree = "<group>"; };
		9378063E2C2016320050F90D /* UserVM.swift */ = {isa = PBXFileReference; lastKnownFileType = sourcecode.swift; path = UserVM.swift; sourceTree = "<group>"; };
		937806422C20318A0050F90D /* ClothesVM.swift */ = {isa = PBXFileReference; lastKnownFileType = sourcecode.swift; path = ClothesVM.swift; sourceTree = "<group>"; };
		937806442C2083DB0050F90D /* RecommendationView.swift */ = {isa = PBXFileReference; lastKnownFileType = sourcecode.swift; path = RecommendationView.swift; sourceTree = "<group>"; };
		93BF494A2C21112D004320BF /* UserModel.swift */ = {isa = PBXFileReference; lastKnownFileType = sourcecode.swift; path = UserModel.swift; sourceTree = "<group>"; };
/* End PBXFileReference section */

/* Begin PBXFrameworksBuildPhase section */
		937806032C1A98FB0050F90D /* Frameworks */ = {
			isa = PBXFrameworksBuildPhase;
			buildActionMask = 2147483647;
			files = (
			);
			runOnlyForDeploymentPostprocessing = 0;
		};
/* End PBXFrameworksBuildPhase section */

/* Begin PBXGroup section */
		937805FD2C1A98FB0050F90D = {
			isa = PBXGroup;
			children = (
				937806082C1A98FB0050F90D /* Project */,
				937806072C1A98FB0050F90D /* Products */,
			);
			sourceTree = "<group>";
		};
		937806072C1A98FB0050F90D /* Products */ = {
			isa = PBXGroup;
			children = (
				937806062C1A98FB0050F90D /* Project.app */,
			);
			name = Products;
			sourceTree = "<group>";
		};
		937806082C1A98FB0050F90D /* Project */ = {
			isa = PBXGroup;
			children = (
				9378061D2C1A993B0050F90D /* VM */,
				9378061A2C1A99280050F90D /* Model */,
				937806172C1A99110050F90D /* View */,
				937806092C1A98FB0050F90D /* ProjectApp.swift */,
				9378060B2C1A98FB0050F90D /* ContentView.swift */,
				9378060D2C1A98FC0050F90D /* Assets.xcassets */,
				9378060F2C1A98FC0050F90D /* Preview Content */,
			);
			path = Project;
			sourceTree = "<group>";
		};
		9378060F2C1A98FC0050F90D /* Preview Content */ = {
			isa = PBXGroup;
			children = (
				937806102C1A98FC0050F90D /* Preview Assets.xcassets */,
			);
			path = "Preview Content";
			sourceTree = "<group>";
		};
		937806172C1A99110050F90D /* View */ = {
			isa = PBXGroup;
			children = (
				937806182C1A99230050F90D /* MainPage.swift */,
				937806312C1DD6AA0050F90D /* SplashView.swift */,
				937806382C1FF3120050F90D /* InfoPage.swift */,
				9378063A2C1FF5960050F90D /* SelectView.swift */,
				937806442C2083DB0050F90D /* RecommendationView.swift */,
			);
			name = View;
			sourceTree = "<group>";
		};
		9378061A2C1A99280050F90D /* Model */ = {
			isa = PBXGroup;
			children = (
				937806202C1A997B0050F90D /* DBModel.swift */,
				937806222C1A99910050F90D /* JSONModel.swift */,
				93BF494A2C21112D004320BF /* UserModel.swift */,
			);
			path = Model;
			sourceTree = "<group>";
		};
		9378061D2C1A993B0050F90D /* VM */ = {
			isa = PBXGroup;
			children = (
				9378061E2C1A99620050F90D /* QureyModel.swift */,
				9378063E2C2016320050F90D /* UserVM.swift */,
				937806422C20318A0050F90D /* ClothesVM.swift */,
			);
			path = VM;
			sourceTree = "<group>";
		};
/* End PBXGroup section */

/* Begin PBXNativeTarget section */
		937806052C1A98FB0050F90D /* Project */ = {
			isa = PBXNativeTarget;
			buildConfigurationList = 937806142C1A98FC0050F90D /* Build configuration list for PBXNativeTarget "Project" */;
			buildPhases = (
				937806022C1A98FB0050F90D /* Sources */,
				937806032C1A98FB0050F90D /* Frameworks */,
				937806042C1A98FB0050F90D /* Resources */,
			);
			buildRules = (
			);
			dependencies = (
			);
			name = Project;
			productName = Project;
			productReference = 937806062C1A98FB0050F90D /* Project.app */;
			productType = "com.apple.product-type.application";
		};
/* End PBXNativeTarget section */

/* Begin PBXProject section */
		937805FE2C1A98FB0050F90D /* Project object */ = {
			isa = PBXProject;
			attributes = {
				BuildIndependentTargetsInParallel = 1;
				LastSwiftUpdateCheck = 1540;
				LastUpgradeCheck = 1540;
				TargetAttributes = {
					937806052C1A98FB0050F90D = {
						CreatedOnToolsVersion = 15.4;
					};
				};
			};
			buildConfigurationList = 937806012C1A98FB0050F90D /* Build configuration list for PBXProject "Project" */;
			compatibilityVersion = "Xcode 14.0";
			developmentRegion = en;
			hasScannedForEncodings = 0;
			knownRegions = (
				en,
				Base,
			);
			mainGroup = 937805FD2C1A98FB0050F90D;
			productRefGroup = 937806072C1A98FB0050F90D /* Products */;
			projectDirPath = "";
			projectRoot = "";
			targets = (
				937806052C1A98FB0050F90D /* Project */,
			);
		};
/* End PBXProject section */

/* Begin PBXResourcesBuildPhase section */
		937806042C1A98FB0050F90D /* Resources */ = {
			isa = PBXResourcesBuildPhase;
			buildActionMask = 2147483647;
			files = (
				937806112C1A98FC0050F90D /* Preview Assets.xcassets in Resources */,
				9378060E2C1A98FC0050F90D /* Assets.xcassets in Resources */,
			);
			runOnlyForDeploymentPostprocessing = 0;
		};
/* End PBXResourcesBuildPhase section */

/* Begin PBXSourcesBuildPhase section */
		937806022C1A98FB0050F90D /* Sources */ = {
			isa = PBXSourcesBuildPhase;
			buildActionMask = 2147483647;
			files = (
				937806212C1A997B0050F90D /* DBModel.swift in Sources */,
				9378063F2C2016320050F90D /* UserVM.swift in Sources */,
				9378063B2C1FF5960050F90D /* SelectView.swift in Sources */,
				937806432C20318A0050F90D /* ClothesVM.swift in Sources */,
				9378060C2C1A98FB0050F90D /* ContentView.swift in Sources */,
				93BF494B2C21112D004320BF /* UserModel.swift in Sources */,
				9378060A2C1A98FB0050F90D /* ProjectApp.swift in Sources */,
				9378061F2C1A99620050F90D /* QureyModel.swift in Sources */,
				937806322C1DD6AA0050F90D /* SplashView.swift in Sources */,
				937806392C1FF3120050F90D /* InfoPage.swift in Sources */,
				937806192C1A99230050F90D /* MainPage.swift in Sources */,
				937806232C1A99910050F90D /* JSONModel.swift in Sources */,
				937806452C2083DB0050F90D /* RecommendationView.swift in Sources */,
			);
			runOnlyForDeploymentPostprocessing = 0;
		};
/* End PBXSourcesBuildPhase section */

/* Begin XCBuildConfiguration section */
		937806122C1A98FC0050F90D /* Debug */ = {
			isa = XCBuildConfiguration;
			buildSettings = {
				ALWAYS_SEARCH_USER_PATHS = NO;
				ASSETCATALOG_COMPILER_GENERATE_SWIFT_ASSET_SYMBOL_EXTENSIONS = YES;
				CLANG_ANALYZER_NONNULL = YES;
				CLANG_ANALYZER_NUMBER_OBJECT_CONVERSION = YES_AGGRESSIVE;
				CLANG_CXX_LANGUAGE_STANDARD = "gnu++20";
				CLANG_ENABLE_MODULES = YES;
				CLANG_ENABLE_OBJC_ARC = YES;
				CLANG_ENABLE_OBJC_WEAK = YES;
				CLANG_WARN_BLOCK_CAPTURE_AUTORELEASING = YES;
				CLANG_WARN_BOOL_CONVERSION = YES;
				CLANG_WARN_COMMA = YES;
				CLANG_WARN_CONSTANT_CONVERSION = YES;
				CLANG_WARN_DEPRECATED_OBJC_IMPLEMENTATIONS = YES;
				CLANG_WARN_DIRECT_OBJC_ISA_USAGE = YES_ERROR;
				CLANG_WARN_DOCUMENTATION_COMMENTS = YES;
				CLANG_WARN_EMPTY_BODY = YES;
				CLANG_WARN_ENUM_CONVERSION = YES;
				CLANG_WARN_INFINITE_RECURSION = YES;
				CLANG_WARN_INT_CONVERSION = YES;
				CLANG_WARN_NON_LITERAL_NULL_CONVERSION = YES;
				CLANG_WARN_OBJC_IMPLICIT_RETAIN_SELF = YES;
				CLANG_WARN_OBJC_LITERAL_CONVERSION = YES;
				CLANG_WARN_OBJC_ROOT_CLASS = YES_ERROR;
				CLANG_WARN_QUOTED_INCLUDE_IN_FRAMEWORK_HEADER = YES;
				CLANG_WARN_RANGE_LOOP_ANALYSIS = YES;
				CLANG_WARN_STRICT_PROTOTYPES = YES;
				CLANG_WARN_SUSPICIOUS_MOVE = YES;
				CLANG_WARN_UNGUARDED_AVAILABILITY = YES_AGGRESSIVE;
				CLANG_WARN_UNREACHABLE_CODE = YES;
				CLANG_WARN__DUPLICATE_METHOD_MATCH = YES;
				COPY_PHASE_STRIP = NO;
				DEBUG_INFORMATION_FORMAT = dwarf;
				ENABLE_STRICT_OBJC_MSGSEND = YES;
				ENABLE_TESTABILITY = YES;
				ENABLE_USER_SCRIPT_SANDBOXING = YES;
				GCC_C_LANGUAGE_STANDARD = gnu17;
				GCC_DYNAMIC_NO_PIC = NO;
				GCC_NO_COMMON_BLOCKS = YES;
				GCC_OPTIMIZATION_LEVEL = 0;
				GCC_PREPROCESSOR_DEFINITIONS = (
					"DEBUG=1",
					"$(inherited)",
				);
				GCC_WARN_64_TO_32_BIT_CONVERSION = YES;
				GCC_WARN_ABOUT_RETURN_TYPE = YES_ERROR;
				GCC_WARN_UNDECLARED_SELECTOR = YES;
				GCC_WARN_UNINITIALIZED_AUTOS = YES_AGGRESSIVE;
				GCC_WARN_UNUSED_FUNCTION = YES;
				GCC_WARN_UNUSED_VARIABLE = YES;
				IPHONEOS_DEPLOYMENT_TARGET = 17.5;
				LOCALIZATION_PREFERS_STRING_CATALOGS = YES;
				MTL_ENABLE_DEBUG_INFO = INCLUDE_SOURCE;
				MTL_FAST_MATH = YES;
				ONLY_ACTIVE_ARCH = YES;
				SDKROOT = iphoneos;
				SWIFT_ACTIVE_COMPILATION_CONDITIONS = "DEBUG $(inherited)";
				SWIFT_OPTIMIZATION_LEVEL = "-Onone";
			};
			name = Debug;
		};
		937806132C1A98FC0050F90D /* Release */ = {
			isa = XCBuildConfiguration;
			buildSettings = {
				ALWAYS_SEARCH_USER_PATHS = NO;
				ASSETCATALOG_COMPILER_GENERATE_SWIFT_ASSET_SYMBOL_EXTENSIONS = YES;
				CLANG_ANALYZER_NONNULL = YES;
				CLANG_ANALYZER_NUMBER_OBJECT_CONVERSION = YES_AGGRESSIVE;
				CLANG_CXX_LANGUAGE_STANDARD = "gnu++20";
				CLANG_ENABLE_MODULES = YES;
				CLANG_ENABLE_OBJC_ARC = YES;
				CLANG_ENABLE_OBJC_WEAK = YES;
				CLANG_WARN_BLOCK_CAPTURE_AUTORELEASING = YES;
				CLANG_WARN_BOOL_CONVERSION = YES;
				CLANG_WARN_COMMA = YES;
				CLANG_WARN_CONSTANT_CONVERSION = YES;
				CLANG_WARN_DEPRECATED_OBJC_IMPLEMENTATIONS = YES;
				CLANG_WARN_DIRECT_OBJC_ISA_USAGE = YES_ERROR;
				CLANG_WARN_DOCUMENTATION_COMMENTS = YES;
				CLANG_WARN_EMPTY_BODY = YES;
				CLANG_WARN_ENUM_CONVERSION = YES;
				CLANG_WARN_INFINITE_RECURSION = YES;
				CLANG_WARN_INT_CONVERSION = YES;
				CLANG_WARN_NON_LITERAL_NULL_CONVERSION = YES;
				CLANG_WARN_OBJC_IMPLICIT_RETAIN_SELF = YES;
				CLANG_WARN_OBJC_LITERAL_CONVERSION = YES;
				CLANG_WARN_OBJC_ROOT_CLASS = YES_ERROR;
				CLANG_WARN_QUOTED_INCLUDE_IN_FRAMEWORK_HEADER = YES;
				CLANG_WARN_RANGE_LOOP_ANALYSIS = YES;
				CLANG_WARN_STRICT_PROTOTYPES = YES;
				CLANG_WARN_SUSPICIOUS_MOVE = YES;
				CLANG_WARN_UNGUARDED_AVAILABILITY = YES_AGGRESSIVE;
				CLANG_WARN_UNREACHABLE_CODE = YES;
				CLANG_WARN__DUPLICATE_METHOD_MATCH = YES;
				COPY_PHASE_STRIP = NO;
				DEBUG_INFORMATION_FORMAT = "dwarf-with-dsym";
				ENABLE_NS_ASSERTIONS = NO;
				ENABLE_STRICT_OBJC_MSGSEND = YES;
				ENABLE_USER_SCRIPT_SANDBOXING = YES;
				GCC_C_LANGUAGE_STANDARD = gnu17;
				GCC_NO_COMMON_BLOCKS = YES;
				GCC_WARN_64_TO_32_BIT_CONVERSION = YES;
				GCC_WARN_ABOUT_RETURN_TYPE = YES_ERROR;
				GCC_WARN_UNDECLARED_SELECTOR = YES;
				GCC_WARN_UNINITIALIZED_AUTOS = YES_AGGRESSIVE;
				GCC_WARN_UNUSED_FUNCTION = YES;
				GCC_WARN_UNUSED_VARIABLE = YES;
				IPHONEOS_DEPLOYMENT_TARGET = 17.5;
				LOCALIZATION_PREFERS_STRING_CATALOGS = YES;
				MTL_ENABLE_DEBUG_INFO = NO;
				MTL_FAST_MATH = YES;
				SDKROOT = iphoneos;
				SWIFT_COMPILATION_MODE = wholemodule;
				VALIDATE_PRODUCT = YES;
			};
			name = Release;
		};
		937806152C1A98FC0050F90D /* Debug */ = {
			isa = XCBuildConfiguration;
			buildSettings = {
				ASSETCATALOG_COMPILER_APPICON_NAME = AppIcon;
				ASSETCATALOG_COMPILER_GLOBAL_ACCENT_COLOR_NAME = AccentColor;
				CODE_SIGN_STYLE = Automatic;
				CURRENT_PROJECT_VERSION = 1;
				DEVELOPMENT_ASSET_PATHS = "\"Project/Preview Content\"";
				ENABLE_PREVIEWS = YES;
				GENERATE_INFOPLIST_FILE = YES;
				INFOPLIST_KEY_UIApplicationSceneManifest_Generation = YES;
				INFOPLIST_KEY_UIApplicationSupportsIndirectInputEvents = YES;
				INFOPLIST_KEY_UILaunchScreen_Generation = YES;
				INFOPLIST_KEY_UISupportedInterfaceOrientations_iPad = "UIInterfaceOrientationPortrait UIInterfaceOrientationPortraitUpsideDown UIInterfaceOrientationLandscapeLeft UIInterfaceOrientationLandscapeRight";
				INFOPLIST_KEY_UISupportedInterfaceOrientations_iPhone = "UIInterfaceOrientationPortrait UIInterfaceOrientationLandscapeLeft UIInterfaceOrientationLandscapeRight";
				LD_RUNPATH_SEARCH_PATHS = (
					"$(inherited)",
					"@executable_path/Frameworks",
				);
				MARKETING_VERSION = 1.0;
				PRODUCT_BUNDLE_IDENTIFIER = com.swiftlec.Project;
				PRODUCT_NAME = "$(TARGET_NAME)";
				SWIFT_EMIT_LOC_STRINGS = YES;
				SWIFT_VERSION = 5.0;
				TARGETED_DEVICE_FAMILY = "1,2";
			};
			name = Debug;
		};
		937806162C1A98FC0050F90D /* Release */ = {
			isa = XCBuildConfiguration;
			buildSettings = {
				ASSETCATALOG_COMPILER_APPICON_NAME = AppIcon;
				ASSETCATALOG_COMPILER_GLOBAL_ACCENT_COLOR_NAME = AccentColor;
				CODE_SIGN_STYLE = Automatic;
				CURRENT_PROJECT_VERSION = 1;
				DEVELOPMENT_ASSET_PATHS = "\"Project/Preview Content\"";
				ENABLE_PREVIEWS = YES;
				GENERATE_INFOPLIST_FILE = YES;
				INFOPLIST_KEY_UIApplicationSceneManifest_Generation = YES;
				INFOPLIST_KEY_UIApplicationSupportsIndirectInputEvents = YES;
				INFOPLIST_KEY_UILaunchScreen_Generation = YES;
				INFOPLIST_KEY_UISupportedInterfaceOrientations_iPad = "UIInterfaceOrientationPortrait UIInterfaceOrientationPortraitUpsideDown UIInterfaceOrientationLandscapeLeft UIInterfaceOrientationLandscapeRight";
				INFOPLIST_KEY_UISupportedInterfaceOrientations_iPhone = "UIInterfaceOrientationPortrait UIInterfaceOrientationLandscapeLeft UIInterfaceOrientationLandscapeRight";
				LD_RUNPATH_SEARCH_PATHS = (
					"$(inherited)",
					"@executable_path/Frameworks",
				);
				MARKETING_VERSION = 1.0;
				PRODUCT_BUNDLE_IDENTIFIER = com.swiftlec.Project;
				PRODUCT_NAME = "$(TARGET_NAME)";
				SWIFT_EMIT_LOC_STRINGS = YES;
				SWIFT_VERSION = 5.0;
				TARGETED_DEVICE_FAMILY = "1,2";
			};
			name = Release;
		};
/* End XCBuildConfiguration section */

/* Begin XCConfigurationList section */
		937806012C1A98FB0050F90D /* Build configuration list for PBXProject "Project" */ = {
			isa = XCConfigurationList;
			buildConfigurations = (
				937806122C1A98FC0050F90D /* Debug */,
				937806132C1A98FC0050F90D /* Release */,
			);
			defaultConfigurationIsVisible = 0;
			defaultConfigurationName = Release;
		};
		937806142C1A98FC0050F90D /* Build configuration list for PBXNativeTarget "Project" */ = {
			isa = XCConfigurationList;
			buildConfigurations = (
				937806152C1A98FC0050F90D /* Debug */,
				937806162C1A98FC0050F90D /* Release */,
			);
			defaultConfigurationIsVisible = 0;
			defaultConfigurationName = Release;
		};
/* End XCConfigurationList section */
	};
	rootObject = 937805FE2C1A98FB0050F90D /* Project object */;
}
